// !$*UTF8*$!
{
	archiveVersion = 1;
	classes = {
	};
	objectVersion = 50;
	objects = {

/* Begin PBXBuildFile section */
		462A4DD521A18AA8005A3E51 /* AppDelegate.m in Sources */ = {isa = PBXBuildFile; fileRef = 462A4DD421A18AA8005A3E51 /* AppDelegate.m */; };
		462A4DD821A18AA8005A3E51 /* ViewController.m in Sources */ = {isa = PBXBuildFile; fileRef = 462A4DD721A18AA8005A3E51 /* ViewController.m */; };
		462A4DDB21A18AA8005A3E51 /* Main.storyboard in Resources */ = {isa = PBXBuildFile; fileRef = 462A4DD921A18AA8005A3E51 /* Main.storyboard */; };
		462A4DDD21A18AA9005A3E51 /* Assets.xcassets in Resources */ = {isa = PBXBuildFile; fileRef = 462A4DDC21A18AA9005A3E51 /* Assets.xcassets */; };
		462A4DE021A18AA9005A3E51 /* LaunchScreen.storyboard in Resources */ = {isa = PBXBuildFile; fileRef = 462A4DDE21A18AA9005A3E51 /* LaunchScreen.storyboard */; };
		462A4DE321A18AA9005A3E51 /* main.m in Sources */ = {isa = PBXBuildFile; fileRef = 462A4DE221A18AA9005A3E51 /* main.m */; };
		462A4E0721A18B71005A3E51 /* TableViewController.m in Sources */ = {isa = PBXBuildFile; fileRef = 462A4E0621A18B71005A3E51 /* TableViewController.m */; };
		462A4E0C21A19083005A3E51 /* TableViewCell.m in Sources */ = {isa = PBXBuildFile; fileRef = 462A4E0B21A19083005A3E51 /* TableViewCell.m */; };
/* End PBXBuildFile section */

/* Begin PBXContainerItemProxy section */
		462A4DE921A18AA9005A3E51 /* PBXContainerItemProxy */ = {
			isa = PBXContainerItemProxy;
			containerPortal = 462A4DC821A18AA8005A3E51 /* Project object */;
			proxyType = 1;
			remoteGlobalIDString = 462A4DCF21A18AA8005A3E51;
			remoteInfo = My_Test;
		};
		462A4DF421A18AA9005A3E51 /* PBXContainerItemProxy */ = {
			isa = PBXContainerItemProxy;
			containerPortal = 462A4DC821A18AA8005A3E51 /* Project object */;
			proxyType = 1;
			remoteGlobalIDString = 462A4DCF21A18AA8005A3E51;
			remoteInfo = My_Test;
		};
/* End PBXContainerItemProxy section */

/* Begin PBXFileReference section */
		462A4DD021A18AA8005A3E51 /* My_Test.app */ = {isa = PBXFileReference; explicitFileType = wrapper.application; includeInIndex = 0; path = My_Test.app; sourceTree = BUILT_PRODUCTS_DIR; };
		462A4DD321A18AA8005A3E51 /* AppDelegate.h */ = {isa = PBXFileReference; lastKnownFileType = sourcecode.c.h; path = AppDelegate.h; sourceTree = "<group>"; };
		462A4DD421A18AA8005A3E51 /* AppDelegate.m */ = {isa = PBXFileReference; lastKnownFileType = sourcecode.c.objc; path = AppDelegate.m; sourceTree = "<group>"; };
		462A4DD621A18AA8005A3E51 /* ViewController.h */ = {isa = PBXFileReference; lastKnownFileType = sourcecode.c.h; path = ViewController.h; sourceTree = "<group>"; };
		462A4DD721A18AA8005A3E51 /* ViewController.m */ = {isa = PBXFileReference; lastKnownFileType = sourcecode.c.objc; path = ViewController.m; sourceTree = "<group>"; };
		462A4DDA21A18AA8005A3E51 /* Base */ = {isa = PBXFileReference; lastKnownFileType = file.storyboard; name = Base; path = Base.lproj/Main.storyboard; sourceTree = "<group>"; };
		462A4DDC21A18AA9005A3E51 /* Assets.xcassets */ = {isa = PBXFileReference; lastKnownFileType = folder.assetcatalog; path = Assets.xcassets; sourceTree = "<group>"; };
		462A4DDF21A18AA9005A3E51 /* Base */ = {isa = PBXFileReference; lastKnownFileType = file.storyboard; name = Base; path = Base.lproj/LaunchScreen.storyboard; sourceTree = "<group>"; };
		462A4DE121A18AA9005A3E51 /* Info.plist */ = {isa = PBXFileReference; lastKnownFileType = text.plist.xml; path = Info.plist; sourceTree = "<group>"; };
		462A4DE221A18AA9005A3E51 /* main.m */ = {isa = PBXFileReference; lastKnownFileType = sourcecode.c.objc; path = main.m; sourceTree = "<group>"; };
		462A4DE821A18AA9005A3E51 /* My_TestTests.xctest */ = {isa = PBXFileReference; explicitFileType = wrapper.cfbundle; includeInIndex = 0; path = My_TestTests.xctest; sourceTree = BUILT_PRODUCTS_DIR; };
		462A4DF321A18AA9005A3E51 /* My_TestUITests.xctest */ = {isa = PBXFileReference; explicitFileType = wrapper.cfbundle; includeInIndex = 0; path = My_TestUITests.xctest; sourceTree = BUILT_PRODUCTS_DIR; };
		462A4E0521A18B71005A3E51 /* TableViewController.h */ = {isa = PBXFileReference; lastKnownFileType = sourcecode.c.h; path = TableViewController.h; sourceTree = "<group>"; };
		462A4E0621A18B71005A3E51 /* TableViewController.m */ = {isa = PBXFileReference; lastKnownFileType = sourcecode.c.objc; path = TableViewController.m; sourceTree = "<group>"; };
		462A4E0A21A19083005A3E51 /* TableViewCell.h */ = {isa = PBXFileReference; lastKnownFileType = sourcecode.c.h; path = TableViewCell.h; sourceTree = "<group>"; };
		462A4E0B21A19083005A3E51 /* TableViewCell.m */ = {isa = PBXFileReference; lastKnownFileType = sourcecode.c.objc; path = TableViewCell.m; sourceTree = "<group>"; };
/* End PBXFileReference section */

/* Begin PBXFrameworksBuildPhase section */
		462A4DCD21A18AA8005A3E51 /* Frameworks */ = {
			isa = PBXFrameworksBuildPhase;
			buildActionMask = 2147483647;
			files = (
			);
			runOnlyForDeploymentPostprocessing = 0;
		};
		462A4DE521A18AA9005A3E51 /* Frameworks */ = {
			isa = PBXFrameworksBuildPhase;
			buildActionMask = 2147483647;
			files = (
			);
			runOnlyForDeploymentPostprocessing = 0;
		};
		462A4DF021A18AA9005A3E51 /* Frameworks */ = {
			isa = PBXFrameworksBuildPhase;
			buildActionMask = 2147483647;
			files = (
			);
			runOnlyForDeploymentPostprocessing = 0;
		};
/* End PBXFrameworksBuildPhase section */

/* Begin PBXGroup section */
		462A4DC721A18AA8005A3E51 = {
			isa = PBXGroup;
			children = (
				462A4DD221A18AA8005A3E51 /* My_Test */,
				462A4DD121A18AA8005A3E51 /* Products */,
			);
			sourceTree = "<group>";
		};
		462A4DD121A18AA8005A3E51 /* Products */ = {
			isa = PBXGroup;
			children = (
				462A4DD021A18AA8005A3E51 /* My_Test.app */,
				462A4DE821A18AA9005A3E51 /* My_TestTests.xctest */,
				462A4DF321A18AA9005A3E51 /* My_TestUITests.xctest */,
			);
			name = Products;
			sourceTree = "<group>";
		};
		462A4DD221A18AA8005A3E51 /* My_Test */ = {
			isa = PBXGroup;
			children = (
				462A4DD321A18AA8005A3E51 /* AppDelegate.h */,
				462A4DD421A18AA8005A3E51 /* AppDelegate.m */,
				462A4DD621A18AA8005A3E51 /* ViewController.h */,
				462A4DD721A18AA8005A3E51 /* ViewController.m */,
				462A4DD921A18AA8005A3E51 /* Main.storyboard */,
				462A4DDC21A18AA9005A3E51 /* Assets.xcassets */,
				462A4DDE21A18AA9005A3E51 /* LaunchScreen.storyboard */,
				462A4DE121A18AA9005A3E51 /* Info.plist */,
				462A4DE221A18AA9005A3E51 /* main.m */,
				462A4E0521A18B71005A3E51 /* TableViewController.h */,
				462A4E0621A18B71005A3E51 /* TableViewController.m */,
				462A4E0A21A19083005A3E51 /* TableViewCell.h */,
				462A4E0B21A19083005A3E51 /* TableViewCell.m */,
			);
			path = My_Test;
			sourceTree = "<group>";
		};
/* End PBXGroup section */

/* Begin PBXNativeTarget section */
		462A4DCF21A18AA8005A3E51 /* My_Test */ = {
			isa = PBXNativeTarget;
			buildConfigurationList = 462A4DFC21A18AA9005A3E51 /* Build configuration list for PBXNativeTarget "My_Test" */;
			buildPhases = (
				462A4DCC21A18AA8005A3E51 /* Sources */,
				462A4DCD21A18AA8005A3E51 /* Frameworks */,
				462A4DCE21A18AA8005A3E51 /* Resources */,
			);
			buildRules = (
			);
			dependencies = (
			);
			name = My_Test;
			productName = My_Test;
			productReference = 462A4DD021A18AA8005A3E51 /* My_Test.app */;
			productType = "com.apple.product-type.application";
		};
		462A4DE721A18AA9005A3E51 /* My_TestTests */ = {
			isa = PBXNativeTarget;
			buildConfigurationList = 462A4DFF21A18AA9005A3E51 /* Build configuration list for PBXNativeTarget "My_TestTests" */;
			buildPhases = (
				462A4DE421A18AA9005A3E51 /* Sources */,
				462A4DE521A18AA9005A3E51 /* Frameworks */,
				462A4DE621A18AA9005A3E51 /* Resources */,
			);
			buildRules = (
			);
			dependencies = (
				462A4DEA21A18AA9005A3E51 /* PBXTargetDependency */,
			);
			name = My_TestTests;
			productName = My_TestTests;
			productReference = 462A4DE821A18AA9005A3E51 /* My_TestTests.xctest */;
			productType = "com.apple.product-type.bundle.unit-test";
		};
		462A4DF221A18AA9005A3E51 /* My_TestUITests */ = {
			isa = PBXNativeTarget;
			buildConfigurationList = 462A4E0221A18AA9005A3E51 /* Build configuration list for PBXNativeTarget "My_TestUITests" */;
			buildPhases = (
				462A4DEF21A18AA9005A3E51 /* Sources */,
				462A4DF021A18AA9005A3E51 /* Frameworks */,
				462A4DF121A18AA9005A3E51 /* Resources */,
			);
			buildRules = (
			);
			dependencies = (
				462A4DF521A18AA9005A3E51 /* PBXTargetDependency */,
			);
			name = My_TestUITests;
			productName = My_TestUITests;
			productReference = 462A4DF321A18AA9005A3E51 /* My_TestUITests.xctest */;
			productType = "com.apple.product-type.bundle.ui-testing";
		};
/* End PBXNativeTarget section */

/* Begin PBXProject section */
		462A4DC821A18AA8005A3E51 /* Project object */ = {
			isa = PBXProject;
			attributes = {
				LastUpgradeCheck = 1010;
				ORGANIZATIONNAME = "高翔";
				TargetAttributes = {
					462A4DCF21A18AA8005A3E51 = {
						CreatedOnToolsVersion = 10.1;
					};
					462A4DE721A18AA9005A3E51 = {
						CreatedOnToolsVersion = 10.1;
						TestTargetID = 462A4DCF21A18AA8005A3E51;
					};
					462A4DF221A18AA9005A3E51 = {
						CreatedOnToolsVersion = 10.1;
						TestTargetID = 462A4DCF21A18AA8005A3E51;
					};
				};
			};
			buildConfigurationList = 462A4DCB21A18AA8005A3E51 /* Build configuration list for PBXProject "My_Test" */;
			compatibilityVersion = "Xcode 9.3";
			developmentRegion = en;
			hasScannedForEncodings = 0;
			knownRegions = (
				en,
				Base,
			);
			mainGroup = 462A4DC721A18AA8005A3E51;
			productRefGroup = 462A4DD121A18AA8005A3E51 /* Products */;
			projectDirPath = "";
			projectRoot = "";
			targets = (
				462A4DCF21A18AA8005A3E51 /* My_Test */,
				462A4DE721A18AA9005A3E51 /* My_TestTests */,
				462A4DF221A18AA9005A3E51 /* My_TestUITests */,
			);
		};
/* End PBXProject section */

/* Begin PBXResourcesBuildPhase section */
		462A4DCE21A18AA8005A3E51 /* Resources */ = {
			isa = PBXResourcesBuildPhase;
			buildActionMask = 2147483647;
			files = (
				462A4DE021A18AA9005A3E51 /* LaunchScreen.storyboard in Resources */,
				462A4DDD21A18AA9005A3E51 /* Assets.xcassets in Resources */,
				462A4DDB21A18AA8005A3E51 /* Main.storyboard in Resources */,
			);
			runOnlyForDeploymentPostprocessing = 0;
		};
		462A4DE621A18AA9005A3E51 /* Resources */ = {
			isa = PBXResourcesBuildPhase;
			buildActionMask = 2147483647;
			files = (
			);
			runOnlyForDeploymentPostprocessing = 0;
		};
		462A4DF121A18AA9005A3E51 /* Resources */ = {
			isa = PBXResourcesBuildPhase;
			buildActionMask = 2147483647;
			files = (
			);
			runOnlyForDeploymentPostprocessing = 0;
		};
/* End PBXResourcesBuildPhase section */

/* Begin PBXSourcesBuildPhase section */
		462A4DCC21A18AA8005A3E51 /* Sources */ = {
			isa = PBXSourcesBuildPhase;
			buildActionMask = 2147483647;
			files = (
				462A4DD821A18AA8005A3E51 /* ViewController.m in Sources */,
				462A4DE321A18AA9005A3E51 /* main.m in Sources */,
				462A4DD521A18AA8005A3E51 /* AppDelegate.m in Sources */,
				462A4E0C21A19083005A3E51 /* TableViewCell.m in Sources */,
				462A4E0721A18B71005A3E51 /* TableViewController.m in Sources */,
			);
			runOnlyForDeploymentPostprocessing = 0;
		};
		462A4DE421A18AA9005A3E51 /* Sources */ = {
			isa = PBXSourcesBuildPhase;
			buildActionMask = 2147483647;
			files = (
			);
			runOnlyForDeploymentPostprocessing = 0;
		};
		462A4DEF21A18AA9005A3E51 /* Sources */ = {
			isa = PBXSourcesBuildPhase;
			buildActionMask = 2147483647;
			files = (
			);
			runOnlyForDeploymentPostprocessing = 0;
		};
/* End PBXSourcesBuildPhase section */

/* Begin PBXTargetDependency section */
		462A4DEA21A18AA9005A3E51 /* PBXTargetDependency */ = {
			isa = PBXTargetDependency;
			target = 462A4DCF21A18AA8005A3E51 /* My_Test */;
			targetProxy = 462A4DE921A18AA9005A3E51 /* PBXContainerItemProxy */;
		};
		462A4DF521A18AA9005A3E51 /* PBXTargetDependency */ = {
			isa = PBXTargetDependency;
			target = 462A4DCF21A18AA8005A3E51 /* My_Test */;
			targetProxy = 462A4DF421A18AA9005A3E51 /* PBXContainerItemProxy */;
		};
/* End PBXTargetDependency section */

/* Begin PBXVariantGroup section */
		462A4DD921A18AA8005A3E51 /* Main.storyboard */ = {
			isa = PBXVariantGroup;
			children = (
				462A4DDA21A18AA8005A3E51 /* Base */,
			);
			name = Main.storyboard;
			sourceTree = "<group>";
		};
		462A4DDE21A18AA9005A3E51 /* LaunchScreen.storyboard */ = {
			isa = PBXVariantGroup;
			children = (
				462A4DDF21A18AA9005A3E51 /* Base */,
			);
			name = LaunchScreen.storyboard;
			sourceTree = "<group>";
		};
/* End PBXVariantGroup section */

/* Begin XCBuildConfiguration section */
		462A4DFA21A18AA9005A3E51 /* Debug */ = {
			isa = XCBuildConfiguration;
			buildSettings = {
				ALWAYS_SEARCH_USER_PATHS = NO;
				CLANG_ANALYZER_NONNULL = YES;
				CLANG_ANALYZER_NUMBER_OBJECT_CONVERSION = YES_AGGRESSIVE;
				CLANG_CXX_LANGUAGE_STANDARD = "gnu++14";
				CLANG_CXX_LIBRARY = "libc++";
				CLANG_ENABLE_MODULES = YES;
				CLANG_ENABLE_OBJC_ARC = YES;
				CLANG_ENABLE_OBJC_WEAK = YES;
				CLANG_WARN_BLOCK_CAPTURE_AUTORELEASING = YES;
				CLANG_WARN_BOOL_CONVERSION = YES;
				CLANG_WARN_COMMA = YES;
				CLANG_WARN_CONSTANT_CONVERSION = YES;
				CLANG_WARN_DEPRECATED_OBJC_IMPLEMENTATIONS = YES;
				CLANG_WARN_DIRECT_OBJC_ISA_USAGE = YES_ERROR;
				CLANG_WARN_DOCUMENTATION_COMMENTS = YES;
				CLANG_WARN_EMPTY_BODY = YES;
				CLANG_WARN_ENUM_CONVERSION = YES;
				CLANG_WARN_INFINITE_RECURSION = YES;
				CLANG_WARN_INT_CONVERSION = YES;
				CLANG_WARN_NON_LITERAL_NULL_CONVERSION = YES;
				CLANG_WARN_OBJC_IMPLICIT_RETAIN_SELF = YES;
				CLANG_WARN_OBJC_LITERAL_CONVERSION = YES;
				CLANG_WARN_OBJC_ROOT_CLASS = YES_ERROR;
				CLANG_WARN_RANGE_LOOP_ANALYSIS = YES;
				CLANG_WARN_STRICT_PROTOTYPES = YES;
				CLANG_WARN_SUSPICIOUS_MOVE = YES;
				CLANG_WARN_UNGUARDED_AVAILABILITY = YES_AGGRESSIVE;
				CLANG_WARN_UNREACHABLE_CODE = YES;
				CLANG_WARN__DUPLICATE_METHOD_MATCH = YES;
				CODE_SIGN_IDENTITY = "iPhone Developer";
				COPY_PHASE_STRIP = NO;
				DEBUG_INFORMATION_FORMAT = dwarf;
				ENABLE_STRICT_OBJC_MSGSEND = YES;
				ENABLE_TESTABILITY = YES;
				GCC_C_LANGUAGE_STANDARD = gnu11;
				GCC_DYNAMIC_NO_PIC = NO;
				GCC_NO_COMMON_BLOCKS = YES;
				GCC_OPTIMIZATION_LEVEL = 0;
				GCC_PREPROCESSOR_DEFINITIONS = (
					"DEBUG=1",
					"$(inherited)",
				);
				GCC_WARN_64_TO_32_BIT_CONVERSION = YES;
				GCC_WARN_ABOUT_RETURN_TYPE = YES_ERROR;
				GCC_WARN_UNDECLARED_SELECTOR = YES;
				GCC_WARN_UNINITIALIZED_AUTOS = YES_AGGRESSIVE;
				GCC_WARN_UNUSED_FUNCTION = YES;
				GCC_WARN_UNUSED_VARIABLE = YES;
				IPHONEOS_DEPLOYMENT_TARGET = 12.1;
				MTL_ENABLE_DEBUG_INFO = INCLUDE_SOURCE;
				MTL_FAST_MATH = YES;
				ONLY_ACTIVE_ARCH = YES;
				SDKROOT = iphoneos;
			};
			name = Debug;
		};
		462A4DFB21A18AA9005A3E51 /* Release */ = {
			isa = XCBuildConfiguration;
			buildSettings = {
				ALWAYS_SEARCH_USER_PATHS = NO;
				CLANG_ANALYZER_NONNULL = YES;
				CLANG_ANALYZER_NUMBER_OBJECT_CONVERSION = YES_AGGRESSIVE;
				CLANG_CXX_LANGUAGE_STANDARD = "gnu++14";
				CLANG_CXX_LIBRARY = "libc++";
				CLANG_ENABLE_MODULES = YES;
				CLANG_ENABLE_OBJC_ARC = YES;
				CLANG_ENABLE_OBJC_WEAK = YES;
				CLANG_WARN_BLOCK_CAPTURE_AUTORELEASING = YES;
				CLANG_WARN_BOOL_CONVERSION = YES;
				CLANG_WARN_COMMA = YES;
				CLANG_WARN_CONSTANT_CONVERSION = YES;
				CLANG_WARN_DEPRECATED_OBJC_IMPLEMENTATIONS = YES;
				CLANG_WARN_DIRECT_OBJC_ISA_USAGE = YES_ERROR;
				CLANG_WARN_DOCUMENTATION_COMMENTS = YES;
				CLANG_WARN_EMPTY_BODY = YES;
				CLANG_WARN_ENUM_CONVERSION = YES;
				CLANG_WARN_INFINITE_RECURSION = YES;
				CLANG_WARN_INT_CONVERSION = YES;
				CLANG_WARN_NON_LITERAL_NULL_CONVERSION = YES;
				CLANG_WARN_OBJC_IMPLICIT_RETAIN_SELF = YES;
				CLANG_WARN_OBJC_LITERAL_CONVERSION = YES;
				CLANG_WARN_OBJC_ROOT_CLASS = YES_ERROR;
				CLANG_WARN_RANGE_LOOP_ANALYSIS = YES;
				CLANG_WARN_STRICT_PROTOTYPES = YES;
				CLANG_WARN_SUSPICIOUS_MOVE = YES;
				CLANG_WARN_UNGUARDED_AVAILABILITY = YES_AGGRESSIVE;
				CLANG_WARN_UNREACHABLE_CODE = YES;
				CLANG_WARN__DUPLICATE_METHOD_MATCH = YES;
				CODE_SIGN_IDENTITY = "iPhone Developer";
				COPY_PHASE_STRIP = NO;
				DEBUG_INFORMATION_FORMAT = "dwarf-with-dsym";
				ENABLE_NS_ASSERTIONS = NO;
				ENABLE_STRICT_OBJC_MSGSEND = YES;
				GCC_C_LANGUAGE_STANDARD = gnu11;
				GCC_NO_COMMON_BLOCKS = YES;
				GCC_WARN_64_TO_32_BIT_CONVERSION = YES;
				GCC_WARN_ABOUT_RETURN_TYPE = YES_ERROR;
				GCC_WARN_UNDECLARED_SELECTOR = YES;
				GCC_WARN_UNINITIALIZED_AUTOS = YES_AGGRESSIVE;
				GCC_WARN_UNUSED_FUNCTION = YES;
				GCC_WARN_UNUSED_VARIABLE = YES;
				IPHONEOS_DEPLOYMENT_TARGET = 12.1;
				MTL_ENABLE_DEBUG_INFO = NO;
				MTL_FAST_MATH = YES;
				SDKROOT = iphoneos;
				VALIDATE_PRODUCT = YES;
			};
			name = Release;
		};
		462A4DFD21A18AA9005A3E51 /* Debug */ = {
			isa = XCBuildConfiguration;
			buildSettings = {
				ASSETCATALOG_COMPILER_APPICON_NAME = AppIcon;
				CODE_SIGN_STYLE = Automatic;
				DEVELOPMENT_TEAM = 4M43BRPV39;
				INFOPLIST_FILE = My_Test/Info.plist;
				LD_RUNPATH_SEARCH_PATHS = (
					"$(inherited)",
					"@executable_path/Frameworks",
				);
				PRODUCT_BUNDLE_IDENTIFIER = "personal.My-Test0.0";
				PRODUCT_NAME = "$(TARGET_NAME)";
				TARGETED_DEVICE_FAMILY = "1,2";
			};
			name = Debug;
		};
		462A4DFE21A18AA9005A3E51 /* Release */ = {
			isa = XCBuildConfiguration;
			buildSettings = {
				ASSETCATALOG_COMPILER_APPICON_NAME = AppIcon;
				CODE_SIGN_STYLE = Automatic;
				DEVELOPMENT_TEAM = 4M43BRPV39;
				INFOPLIST_FILE = My_Test/Info.plist;
				LD_RUNPATH_SEARCH_PATHS = (
					"$(inherited)",
					"@executable_path/Frameworks",
				);
				PRODUCT_BUNDLE_IDENTIFIER = "personal.My-Test0.0";
				PRODUCT_NAME = "$(TARGET_NAME)";
				TARGETED_DEVICE_FAMILY = "1,2";
			};
			name = Release;
		};
		462A4E0021A18AA9005A3E51 /* Debug */ = {
			isa = XCBuildConfiguration;
			buildSettings = {
				BUNDLE_LOADER = "$(TEST_HOST)";
				CODE_SIGN_STYLE = Automatic;
				DEVELOPMENT_TEAM = 4M43BRPV39;
				INFOPLIST_FILE = My_TestTests/Info.plist;
				LD_RUNPATH_SEARCH_PATHS = (
					"$(inherited)",
					"@executable_path/Frameworks",
					"@loader_path/Frameworks",
				);
				PRODUCT_BUNDLE_IDENTIFIER = "personal.My-TestTests";
				PRODUCT_NAME = "$(TARGET_NAME)";
				TARGETED_DEVICE_FAMILY = "1,2";
				TEST_HOST = "$(BUILT_PRODUCTS_DIR)/My_Test.app/My_Test";
			};
			name = Debug;
		};
		462A4E0121A18AA9005A3E51 /* Release */ = {
			isa = XCBuildConfiguration;
			buildSettings = {
				BUNDLE_LOADER = "$(TEST_HOST)";
				CODE_SIGN_STYLE = Automatic;
				DEVELOPMENT_TEAM = 4M43BRPV39;
				INFOPLIST_FILE = My_TestTests/Info.plist;
				LD_RUNPATH_SEARCH_PATHS = (
					"$(inherited)",
					"@executable_path/Frameworks",
					"@loader_path/Frameworks",
				);
				PRODUCT_BUNDLE_IDENTIFIER = "personal.My-TestTests";
				PRODUCT_NAME = "$(TARGET_NAME)";
				TARGETED_DEVICE_FAMILY = "1,2";
				TEST_HOST = "$(BUILT_PRODUCTS_DIR)/My_Test.app/My_Test";
			};
			name = Release;
		};
		462A4E0321A18AA9005A3E51 /* Debug */ = {
			isa = XCBuildConfiguration;
			buildSettings = {
				CODE_SIGN_STYLE = Automatic;
				DEVELOPMENT_TEAM = 4M43BRPV39;
				INFOPLIST_FILE = My_TestUITests/Info.plist;
				LD_RUNPATH_SEARCH_PATHS = (
					"$(inherited)",
					"@executable_path/Frameworks",
					"@loader_path/Frameworks",
				);
				PRODUCT_BUNDLE_IDENTIFIER = "personal.My-TestUITests";
				PRODUCT_NAME = "$(TARGET_NAME)";
				TARGETED_DEVICE_FAMILY = "1,2";
				TEST_TARGET_NAME = My_Test;
			};
			name = Debug;
		};
		462A4E0421A18AA9005A3E51 /* Release */ = {
			isa = XCBuildConfiguration;
			buildSettings = {
				CODE_SIGN_STYLE = Automatic;
				DEVELOPMENT_TEAM = 4M43BRPV39;
				INFOPLIST_FILE = My_TestUITests/Info.plist;
				LD_RUNPATH_SEARCH_PATHS = (
					"$(inherited)",
					"@executable_path/Frameworks",
					"@loader_path/Frameworks",
				);
				PRODUCT_BUNDLE_IDENTIFIER = "personal.My-TestUITests";
				PRODUCT_NAME = "$(TARGET_NAME)";
				TARGETED_DEVICE_FAMILY = "1,2";
				TEST_TARGET_NAME = My_Test;
			};
			name = Release;
		};
/* End XCBuildConfiguration section */

/* Begin XCConfigurationList section */
		462A4DCB21A18AA8005A3E51 /* Build configuration list for PBXProject "My_Test" */ = {
			isa = XCConfigurationList;
			buildConfigurations = (
				462A4DFA21A18AA9005A3E51 /* Debug */,
				462A4DFB21A18AA9005A3E51 /* Release */,
			);
			defaultConfigurationIsVisible = 0;
			defaultConfigurationName = Release;
		};
		462A4DFC21A18AA9005A3E51 /* Build configuration list for PBXNativeTarget "My_Test" */ = {
			isa = XCConfigurationList;
			buildConfigurations = (
				462A4DFD21A18AA9005A3E51 /* Debug */,
				462A4DFE21A18AA9005A3E51 /* Release */,
			);
			defaultConfigurationIsVisible = 0;
			defaultConfigurationName = Release;
		};
		462A4DFF21A18AA9005A3E51 /* Build configuration list for PBXNativeTarget "My_TestTests" */ = {
			isa = XCConfigurationList;
			buildConfigurations = (
				462A4E0021A18AA9005A3E51 /* Debug */,
				462A4E0121A18AA9005A3E51 /* Release */,
			);
			defaultConfigurationIsVisible = 0;
			defaultConfigurationName = Release;
		};
		462A4E0221A18AA9005A3E51 /* Build configuration list for PBXNativeTarget "My_TestUITests" */ = {
			isa = XCConfigurationList;
			buildConfigurations = (
				462A4E0321A18AA9005A3E51 /* Debug */,
				462A4E0421A18AA9005A3E51 /* Release */,
			);
			defaultConfigurationIsVisible = 0;
			defaultConfigurationName = Release;
		};
/* End XCConfigurationList section */
	};
	rootObject = 462A4DC821A18AA8005A3E51 /* Project object */;
}
